// !$*UTF8*$!
{
	archiveVersion = 1;
	classes = {
	};
	objectVersion = 46;
	objects = {

/* Begin PBXBuildFile section */
		C0D617C91CE832EC00D802C9 /* AppDelegate.swift in Sources */ = {isa = PBXBuildFile; fileRef = C0D617C81CE832EC00D802C9 /* AppDelegate.swift */; };
		C0D617CB1CE832EC00D802C9 /* ViewController.swift in Sources */ = {isa = PBXBuildFile; fileRef = C0D617CA1CE832EC00D802C9 /* ViewController.swift */; };
		C0D617CE1CE832EC00D802C9 /* Main.storyboard in Resources */ = {isa = PBXBuildFile; fileRef = C0D617CC1CE832EC00D802C9 /* Main.storyboard */; };
		C0D617D01CE832EC00D802C9 /* Assets.xcassets in Resources */ = {isa = PBXBuildFile; fileRef = C0D617CF1CE832EC00D802C9 /* Assets.xcassets */; };
		C0D617D31CE832EC00D802C9 /* LaunchScreen.storyboard in Resources */ = {isa = PBXBuildFile; fileRef = C0D617D11CE832EC00D802C9 /* LaunchScreen.storyboard */; };
		C0D617DE1CE832EC00D802C9 /* ClickCounterTests.swift in Sources */ = {isa = PBXBuildFile; fileRef = C0D617DD1CE832EC00D802C9 /* ClickCounterTests.swift */; };
		C0D617E91CE832EC00D802C9 /* ClickCounterUITests.swift in Sources */ = {isa = PBXBuildFile; fileRef = C0D617E81CE832EC00D802C9 /* ClickCounterUITests.swift */; };
/* End PBXBuildFile section */

/* Begin PBXContainerItemProxy section */
		C0D617DA1CE832EC00D802C9 /* PBXContainerItemProxy */ = {
			isa = PBXContainerItemProxy;
			containerPortal = C0D617BD1CE832EC00D802C9 /* Project object */;
			proxyType = 1;
			remoteGlobalIDString = C0D617C41CE832EC00D802C9;
			remoteInfo = ClickCounter;
		};
		C0D617E51CE832EC00D802C9 /* PBXContainerItemProxy */ = {
			isa = PBXContainerItemProxy;
			containerPortal = C0D617BD1CE832EC00D802C9 /* Project object */;
			proxyType = 1;
			remoteGlobalIDString = C0D617C41CE832EC00D802C9;
			remoteInfo = ClickCounter;
		};
/* End PBXContainerItemProxy section */

/* Begin PBXFileReference section */
		C0D617C51CE832EC00D802C9 /* ClickCounter.app */ = {isa = PBXFileReference; explicitFileType = wrapper.application; includeInIndex = 0; path = ClickCounter.app; sourceTree = BUILT_PRODUCTS_DIR; };
		C0D617C81CE832EC00D802C9 /* AppDelegate.swift */ = {isa = PBXFileReference; lastKnownFileType = sourcecode.swift; path = AppDelegate.swift; sourceTree = "<group>"; };
		C0D617CA1CE832EC00D802C9 /* ViewController.swift */ = {isa = PBXFileReference; lastKnownFileType = sourcecode.swift; path = ViewController.swift; sourceTree = "<group>"; };
		C0D617CD1CE832EC00D802C9 /* Base */ = {isa = PBXFileReference; lastKnownFileType = file.storyboard; name = Base; path = Base.lproj/Main.storyboard; sourceTree = "<group>"; };
		C0D617CF1CE832EC00D802C9 /* Assets.xcassets */ = {isa = PBXFileReference; lastKnownFileType = folder.assetcatalog; path = Assets.xcassets; sourceTree = "<group>"; };
		C0D617D21CE832EC00D802C9 /* Base */ = {isa = PBXFileReference; lastKnownFileType = file.storyboard; name = Base; path = Base.lproj/LaunchScreen.storyboard; sourceTree = "<group>"; };
		C0D617D41CE832EC00D802C9 /* Info.plist */ = {isa = PBXFileReference; lastKnownFileType = text.plist.xml; path = Info.plist; sourceTree = "<group>"; };
		C0D617D91CE832EC00D802C9 /* ClickCounterTests.xctest */ = {isa = PBXFileReference; explicitFileType = wrapper.cfbundle; includeInIndex = 0; path = ClickCounterTests.xctest; sourceTree = BUILT_PRODUCTS_DIR; };
		C0D617DD1CE832EC00D802C9 /* ClickCounterTests.swift */ = {isa = PBXFileReference; lastKnownFileType = sourcecode.swift; path = ClickCounterTests.swift; sourceTree = "<group>"; };
		C0D617DF1CE832EC00D802C9 /* Info.plist */ = {isa = PBXFileReference; lastKnownFileType = text.plist.xml; path = Info.plist; sourceTree = "<group>"; };
		C0D617E41CE832EC00D802C9 /* ClickCounterUITests.xctest */ = {isa = PBXFileReference; explicitFileType = wrapper.cfbundle; includeInIndex = 0; path = ClickCounterUITests.xctest; sourceTree = BUILT_PRODUCTS_DIR; };
		C0D617E81CE832EC00D802C9 /* ClickCounterUITests.swift */ = {isa = PBXFileReference; lastKnownFileType = sourcecode.swift; path = ClickCounterUITests.swift; sourceTree = "<group>"; };
		C0D617EA1CE832EC00D802C9 /* Info.plist */ = {isa = PBXFileReference; lastKnownFileType = text.plist.xml; path = Info.plist; sourceTree = "<group>"; };
/* End PBXFileReference section */

/* Begin PBXFrameworksBuildPhase section */
		C0D617C21CE832EC00D802C9 /* Frameworks */ = {
			isa = PBXFrameworksBuildPhase;
			buildActionMask = 2147483647;
			files = (
			);
			runOnlyForDeploymentPostprocessing = 0;
		};
		C0D617D61CE832EC00D802C9 /* Frameworks */ = {
			isa = PBXFrameworksBuildPhase;
			buildActionMask = 2147483647;
			files = (
			);
			runOnlyForDeploymentPostprocessing = 0;
		};
		C0D617E11CE832EC00D802C9 /* Frameworks */ = {
			isa = PBXFrameworksBuildPhase;
			buildActionMask = 2147483647;
			files = (
			);
			runOnlyForDeploymentPostprocessing = 0;
		};
/* End PBXFrameworksBuildPhase section */

/* Begin PBXGroup section */
		C0D617BC1CE832EC00D802C9 = {
			isa = PBXGroup;
			children = (
				C0D617C71CE832EC00D802C9 /* ClickCounter */,
				C0D617DC1CE832EC00D802C9 /* ClickCounterTests */,
				C0D617E71CE832EC00D802C9 /* ClickCounterUITests */,
				C0D617C61CE832EC00D802C9 /* Products */,
			);
			sourceTree = "<group>";
		};
		C0D617C61CE832EC00D802C9 /* Products */ = {
			isa = PBXGroup;
			children = (
				C0D617C51CE832EC00D802C9 /* ClickCounter.app */,
				C0D617D91CE832EC00D802C9 /* ClickCounterTests.xctest */,
				C0D617E41CE832EC00D802C9 /* ClickCounterUITests.xctest */,
			);
			name = Products;
			sourceTree = "<group>";
		};
		C0D617C71CE832EC00D802C9 /* ClickCounter */ = {
			isa = PBXGroup;
			children = (
				C0D617C81CE832EC00D802C9 /* AppDelegate.swift */,
				C0D617CA1CE832EC00D802C9 /* ViewController.swift */,
				C0D617CC1CE832EC00D802C9 /* Main.storyboard */,
				C0D617CF1CE832EC00D802C9 /* Assets.xcassets */,
				C0D617D11CE832EC00D802C9 /* LaunchScreen.storyboard */,
				C0D617D41CE832EC00D802C9 /* Info.plist */,
			);
			path = ClickCounter;
			sourceTree = "<group>";
		};
		C0D617DC1CE832EC00D802C9 /* ClickCounterTests */ = {
			isa = PBXGroup;
			children = (
				C0D617DD1CE832EC00D802C9 /* ClickCounterTests.swift */,
				C0D617DF1CE832EC00D802C9 /* Info.plist */,
			);
			path = ClickCounterTests;
			sourceTree = "<group>";
		};
		C0D617E71CE832EC00D802C9 /* ClickCounterUITests */ = {
			isa = PBXGroup;
			children = (
				C0D617E81CE832EC00D802C9 /* ClickCounterUITests.swift */,
				C0D617EA1CE832EC00D802C9 /* Info.plist */,
			);
			path = ClickCounterUITests;
			sourceTree = "<group>";
		};
/* End PBXGroup section */

/* Begin PBXNativeTarget section */
		C0D617C41CE832EC00D802C9 /* ClickCounter */ = {
			isa = PBXNativeTarget;
			buildConfigurationList = C0D617ED1CE832EC00D802C9 /* Build configuration list for PBXNativeTarget "ClickCounter" */;
			buildPhases = (
				C0D617C11CE832EC00D802C9 /* Sources */,
				C0D617C21CE832EC00D802C9 /* Frameworks */,
				C0D617C31CE832EC00D802C9 /* Resources */,
			);
			buildRules = (
			);
			dependencies = (
			);
			name = ClickCounter;
			productName = ClickCounter;
			productReference = C0D617C51CE832EC00D802C9 /* ClickCounter.app */;
			productType = "com.apple.product-type.application";
		};
		C0D617D81CE832EC00D802C9 /* ClickCounterTests */ = {
			isa = PBXNativeTarget;
			buildConfigurationList = C0D617F01CE832EC00D802C9 /* Build configuration list for PBXNativeTarget "ClickCounterTests" */;
			buildPhases = (
				C0D617D51CE832EC00D802C9 /* Sources */,
				C0D617D61CE832EC00D802C9 /* Frameworks */,
				C0D617D71CE832EC00D802C9 /* Resources */,
			);
			buildRules = (
			);
			dependencies = (
				C0D617DB1CE832EC00D802C9 /* PBXTargetDependency */,
			);
			name = ClickCounterTests;
			productName = ClickCounterTests;
			productReference = C0D617D91CE832EC00D802C9 /* ClickCounterTests.xctest */;
			productType = "com.apple.product-type.bundle.unit-test";
		};
		C0D617E31CE832EC00D802C9 /* ClickCounterUITests */ = {
			isa = PBXNativeTarget;
			buildConfigurationList = C0D617F31CE832EC00D802C9 /* Build configuration list for PBXNativeTarget "ClickCounterUITests" */;
			buildPhases = (
				C0D617E01CE832EC00D802C9 /* Sources */,
				C0D617E11CE832EC00D802C9 /* Frameworks */,
				C0D617E21CE832EC00D802C9 /* Resources */,
			);
			buildRules = (
			);
			dependencies = (
				C0D617E61CE832EC00D802C9 /* PBXTargetDependency */,
			);
			name = ClickCounterUITests;
			productName = ClickCounterUITests;
			productReference = C0D617E41CE832EC00D802C9 /* ClickCounterUITests.xctest */;
			productType = "com.apple.product-type.bundle.ui-testing";
		};
/* End PBXNativeTarget section */

/* Begin PBXProject section */
		C0D617BD1CE832EC00D802C9 /* Project object */ = {
			isa = PBXProject;
			attributes = {
				LastSwiftUpdateCheck = 0730;
				LastUpgradeCheck = 0730;
				ORGANIZATIONNAME = Agrawal;
				TargetAttributes = {
					C0D617C41CE832EC00D802C9 = {
						CreatedOnToolsVersion = 7.3.1;
					};
					C0D617D81CE832EC00D802C9 = {
						CreatedOnToolsVersion = 7.3.1;
						TestTargetID = C0D617C41CE832EC00D802C9;
					};
					C0D617E31CE832EC00D802C9 = {
						CreatedOnToolsVersion = 7.3.1;
						TestTargetID = C0D617C41CE832EC00D802C9;
					};
				};
			};
			buildConfigurationList = C0D617C01CE832EC00D802C9 /* Build configuration list for PBXProject "ClickCounter" */;
			compatibilityVersion = "Xcode 3.2";
			developmentRegion = English;
			hasScannedForEncodings = 0;
			knownRegions = (
				en,
				Base,
			);
			mainGroup = C0D617BC1CE832EC00D802C9;
			productRefGroup = C0D617C61CE832EC00D802C9 /* Products */;
			projectDirPath = "";
			projectRoot = "";
			targets = (
				C0D617C41CE832EC00D802C9 /* ClickCounter */,
				C0D617D81CE832EC00D802C9 /* ClickCounterTests */,
				C0D617E31CE832EC00D802C9 /* ClickCounterUITests */,
			);
		};
/* End PBXProject section */

/* Begin PBXResourcesBuildPhase section */
		C0D617C31CE832EC00D802C9 /* Resources */ = {
			isa = PBXResourcesBuildPhase;
			buildActionMask = 2147483647;
			files = (
				C0D617D31CE832EC00D802C9 /* LaunchScreen.storyboard in Resources */,
				C0D617D01CE832EC00D802C9 /* Assets.xcassets in Resources */,
				C0D617CE1CE832EC00D802C9 /* Main.storyboard in Resources */,
			);
			runOnlyForDeploymentPostprocessing = 0;
		};
		C0D617D71CE832EC00D802C9 /* Resources */ = {
			isa = PBXResourcesBuildPhase;
			buildActionMask = 2147483647;
			files = (
			);
			runOnlyForDeploymentPostprocessing = 0;
		};
		C0D617E21CE832EC00D802C9 /* Resources */ = {
			isa = PBXResourcesBuildPhase;
			buildActionMask = 2147483647;
			files = (
			);
			runOnlyForDeploymentPostprocessing = 0;
		};
/* End PBXResourcesBuildPhase section */

/* Begin PBXSourcesBuildPhase section */
		C0D617C11CE832EC00D802C9 /* Sources */ = {
			isa = PBXSourcesBuildPhase;
			buildActionMask = 2147483647;
			files = (
				C0D617CB1CE832EC00D802C9 /* ViewController.swift in Sources */,
				C0D617C91CE832EC00D802C9 /* AppDelegate.swift in Sources */,
			);
			runOnlyForDeploymentPostprocessing = 0;
		};
		C0D617D51CE832EC00D802C9 /* Sources */ = {
			isa = PBXSourcesBuildPhase;
			buildActionMask = 2147483647;
			files = (
				C0D617DE1CE832EC00D802C9 /* ClickCounterTests.swift in Sources */,
			);
			runOnlyForDeploymentPostprocessing = 0;
		};
		C0D617E01CE832EC00D802C9 /* Sources */ = {
			isa = PBXSourcesBuildPhase;
			buildActionMask = 2147483647;
			files = (
				C0D617E91CE832EC00D802C9 /* ClickCounterUITests.swift in Sources */,
			);
			runOnlyForDeploymentPostprocessing = 0;
		};
/* End PBXSourcesBuildPhase section */

/* Begin PBXTargetDependency section */
		C0D617DB1CE832EC00D802C9 /* PBXTargetDependency */ = {
			isa = PBXTargetDependency;
			target = C0D617C41CE832EC00D802C9 /* ClickCounter */;
			targetProxy = C0D617DA1CE832EC00D802C9 /* PBXContainerItemProxy */;
		};
		C0D617E61CE832EC00D802C9 /* PBXTargetDependency */ = {
			isa = PBXTargetDependency;
			target = C0D617C41CE832EC00D802C9 /* ClickCounter */;
			targetProxy = C0D617E51CE832EC00D802C9 /* PBXContainerItemProxy */;
		};
/* End PBXTargetDependency section */

/* Begin PBXVariantGroup section */
		C0D617CC1CE832EC00D802C9 /* Main.storyboard */ = {
			isa = PBXVariantGroup;
			children = (
				C0D617CD1CE832EC00D802C9 /* Base */,
			);
			name = Main.storyboard;
			sourceTree = "<group>";
		};
		C0D617D11CE832EC00D802C9 /* LaunchScreen.storyboard */ = {
			isa = PBXVariantGroup;
			children = (
				C0D617D21CE832EC00D802C9 /* Base */,
			);
			name = LaunchScreen.storyboard;
			sourceTree = "<group>";
		};
/* End PBXVariantGroup section */

/* Begin XCBuildConfiguration section */
		C0D617EB1CE832EC00D802C9 /* Debug */ = {
			isa = XCBuildConfiguration;
			buildSettings = {
				ALWAYS_SEARCH_USER_PATHS = NO;
				CLANG_ANALYZER_NONNULL = YES;
				CLANG_CXX_LANGUAGE_STANDARD = "gnu++0x";
				CLANG_CXX_LIBRARY = "libc++";
				CLANG_ENABLE_MODULES = YES;
				CLANG_ENABLE_OBJC_ARC = YES;
				CLANG_WARN_BOOL_CONVERSION = YES;
				CLANG_WARN_CONSTANT_CONVERSION = YES;
				CLANG_WARN_DIRECT_OBJC_ISA_USAGE = YES_ERROR;
				CLANG_WARN_EMPTY_BODY = YES;
				CLANG_WARN_ENUM_CONVERSION = YES;
				CLANG_WARN_INT_CONVERSION = YES;
				CLANG_WARN_OBJC_ROOT_CLASS = YES_ERROR;
				CLANG_WARN_UNREACHABLE_CODE = YES;
				CLANG_WARN__DUPLICATE_METHOD_MATCH = YES;
				"CODE_SIGN_IDENTITY[sdk=iphoneos*]" = "iPhone Developer";
				COPY_PHASE_STRIP = NO;
				DEBUG_INFORMATION_FORMAT = dwarf;
				ENABLE_STRICT_OBJC_MSGSEND = YES;
				ENABLE_TESTABILITY = YES;
				GCC_C_LANGUAGE_STANDARD = gnu99;
				GCC_DYNAMIC_NO_PIC = NO;
				GCC_NO_COMMON_BLOCKS = YES;
				GCC_OPTIMIZATION_LEVEL = 0;
				GCC_PREPROCESSOR_DEFINITIONS = (
					"DEBUG=1",
					"$(inherited)",
				);
				GCC_WARN_64_TO_32_BIT_CONVERSION = YES;
				GCC_WARN_ABOUT_RETURN_TYPE = YES_ERROR;
				GCC_WARN_UNDECLARED_SELECTOR = YES;
				GCC_WARN_UNINITIALIZED_AUTOS = YES_AGGRESSIVE;
				GCC_WARN_UNUSED_FUNCTION = YES;
				GCC_WARN_UNUSED_VARIABLE = YES;
				IPHONEOS_DEPLOYMENT_TARGET = 9.3;
				MTL_ENABLE_DEBUG_INFO = YES;
				ONLY_ACTIVE_ARCH = YES;
				SDKROOT = iphoneos;
				SWIFT_OPTIMIZATION_LEVEL = "-Onone";
				TARGETED_DEVICE_FAMILY = "1,2";
			};
			name = Debug;
		};
		C0D617EC1CE832EC00D802C9 /* Release */ = {
			isa = XCBuildConfiguration;
			buildSettings = {
				ALWAYS_SEARCH_USER_PATHS = NO;
				CLANG_ANALYZER_NONNULL = YES;
				CLANG_CXX_LANGUAGE_STANDARD = "gnu++0x";
				CLANG_CXX_LIBRARY = "libc++";
				CLANG_ENABLE_MODULES = YES;
				CLANG_ENABLE_OBJC_ARC = YES;
				CLANG_WARN_BOOL_CONVERSION = YES;
				CLANG_WARN_CONSTANT_CONVERSION = YES;
				CLANG_WARN_DIRECT_OBJC_ISA_USAGE = YES_ERROR;
				CLANG_WARN_EMPTY_BODY = YES;
				CLANG_WARN_ENUM_CONVERSION = YES;
				CLANG_WARN_INT_CONVERSION = YES;
				CLANG_WARN_OBJC_ROOT_CLASS = YES_ERROR;
				CLANG_WARN_UNREACHABLE_CODE = YES;
				CLANG_WARN__DUPLICATE_METHOD_MATCH = YES;
				"CODE_SIGN_IDENTITY[sdk=iphoneos*]" = "iPhone Developer";
				COPY_PHASE_STRIP = NO;
				DEBUG_INFORMATION_FORMAT = "dwarf-with-dsym";
				ENABLE_NS_ASSERTIONS = NO;
				ENABLE_STRICT_OBJC_MSGSEND = YES;
				GCC_C_LANGUAGE_STANDARD = gnu99;
				GCC_NO_COMMON_BLOCKS = YES;
				GCC_WARN_64_TO_32_BIT_CONVERSION = YES;
				GCC_WARN_ABOUT_RETURN_TYPE = YES_ERROR;
				GCC_WARN_UNDECLARED_SELECTOR = YES;
				GCC_WARN_UNINITIALIZED_AUTOS = YES_AGGRESSIVE;
				GCC_WARN_UNUSED_FUNCTION = YES;
				GCC_WARN_UNUSED_VARIABLE = YES;
				IPHONEOS_DEPLOYMENT_TARGET = 9.3;
				MTL_ENABLE_DEBUG_INFO = NO;
				SDKROOT = iphoneos;
				TARGETED_DEVICE_FAMILY = "1,2";
				VALIDATE_PRODUCT = YES;
			};
			name = Release;
		};
		C0D617EE1CE832EC00D802C9 /* Debug */ = {
			isa = XCBuildConfiguration;
			buildSettings = {
				ASSETCATALOG_COMPILER_APPICON_NAME = AppIcon;
				INFOPLIST_FILE = ClickCounter/Info.plist;
				LD_RUNPATH_SEARCH_PATHS = "$(inherited) @executable_path/Frameworks";
				PRODUCT_BUNDLE_IDENTIFIER = com.agrawal.ClickCounter;
				PRODUCT_NAME = "$(TARGET_NAME)";
			};
			name = Debug;
		};
		C0D617EF1CE832EC00D802C9 /* Release */ = {
			isa = XCBuildConfiguration;
			buildSettings = {
				ASSETCATALOG_COMPILER_APPICON_NAME = AppIcon;
				INFOPLIST_FILE = ClickCounter/Info.plist;
				LD_RUNPATH_SEARCH_PATHS = "$(inherited) @executable_path/Frameworks";
				PRODUCT_BUNDLE_IDENTIFIER = com.agrawal.ClickCounter;
				PRODUCT_NAME = "$(TARGET_NAME)";
			};
			name = Release;
		};
		C0D617F11CE832EC00D802C9 /* Debug */ = {
			isa = XCBuildConfiguration;
			buildSettings = {
				BUNDLE_LOADER = "$(TEST_HOST)";
				INFOPLIST_FILE = ClickCounterTests/Info.plist;
				LD_RUNPATH_SEARCH_PATHS = "$(inherited) @executable_path/Frameworks @loader_path/Frameworks";
				PRODUCT_BUNDLE_IDENTIFIER = com.agrawal.ClickCounterTests;
				PRODUCT_NAME = "$(TARGET_NAME)";
				TEST_HOST = "$(BUILT_PRODUCTS_DIR)/ClickCounter.app/ClickCounter";
			};
			name = Debug;
		};
		C0D617F21CE832EC00D802C9 /* Release */ = {
			isa = XCBuildConfiguration;
			buildSettings = {
				BUNDLE_LOADER = "$(TEST_HOST)";
				INFOPLIST_FILE = ClickCounterTests/Info.plist;
				LD_RUNPATH_SEARCH_PATHS = "$(inherited) @executable_path/Frameworks @loader_path/Frameworks";
				PRODUCT_BUNDLE_IDENTIFIER = com.agrawal.ClickCounterTests;
				PRODUCT_NAME = "$(TARGET_NAME)";
				TEST_HOST = "$(BUILT_PRODUCTS_DIR)/ClickCounter.app/ClickCounter";
			};
			name = Release;
		};
		C0D617F41CE832EC00D802C9 /* Debug */ = {
			isa = XCBuildConfiguration;
			buildSettings = {
				INFOPLIST_FILE = ClickCounterUITests/Info.plist;
				LD_RUNPATH_SEARCH_PATHS = "$(inherited) @executable_path/Frameworks @loader_path/Frameworks";
				PRODUCT_BUNDLE_IDENTIFIER = com.agrawal.ClickCounterUITests;
				PRODUCT_NAME = "$(TARGET_NAME)";
				TEST_TARGET_NAME = ClickCounter;
			};
			name = Debug;
		};
		C0D617F51CE832EC00D802C9 /* Release */ = {
			isa = XCBuildConfiguration;
			buildSettings = {
				INFOPLIST_FILE = ClickCounterUITests/Info.plist;
				LD_RUNPATH_SEARCH_PATHS = "$(inherited) @executable_path/Frameworks @loader_path/Frameworks";
				PRODUCT_BUNDLE_IDENTIFIER = com.agrawal.ClickCounterUITests;
				PRODUCT_NAME = "$(TARGET_NAME)";
				TEST_TARGET_NAME = ClickCounter;
			};
			name = Release;
		};
/* End XCBuildConfiguration section */

/* Begin XCConfigurationList section */
		C0D617C01CE832EC00D802C9 /* Build configuration list for PBXProject "ClickCounter" */ = {
			isa = XCConfigurationList;
			buildConfigurations = (
				C0D617EB1CE832EC00D802C9 /* Debug */,
				C0D617EC1CE832EC00D802C9 /* Release */,
			);
			defaultConfigurationIsVisible = 0;
			defaultConfigurationName = Release;
		};
		C0D617ED1CE832EC00D802C9 /* Build configuration list for PBXNativeTarget "ClickCounter" */ = {
			isa = XCConfigurationList;
			buildConfigurations = (
				C0D617EE1CE832EC00D802C9 /* Debug */,
				C0D617EF1CE832EC00D802C9 /* Release */,
			);
			defaultConfigurationIsVisible = 0;
		};
		C0D617F01CE832EC00D802C9 /* Build configuration list for PBXNativeTarget "ClickCounterTests" */ = {
			isa = XCConfigurationList;
			buildConfigurations = (
				C0D617F11CE832EC00D802C9 /* Debug */,
				C0D617F21CE832EC00D802C9 /* Release */,
			);
			defaultConfigurationIsVisible = 0;
		};
		C0D617F31CE832EC00D802C9 /* Build configuration list for PBXNativeTarget "ClickCounterUITests" */ = {
			isa = XCConfigurationList;
			buildConfigurations = (
				C0D617F41CE832EC00D802C9 /* Debug */,
				C0D617F51CE832EC00D802C9 /* Release */,
			);
			defaultConfigurationIsVisible = 0;
		};
/* End XCConfigurationList section */
	};
	rootObject = C0D617BD1CE832EC00D802C9 /* Project object */;
}
